// !$*UTF8*$!
{
	archiveVersion = 1;
	classes = {
	};
	objectVersion = 50;
	objects = {

/* Begin PBXBuildFile section */
		4E511E4C21A6F32C009E37A6 /* AppDelegate.swift in Sources */ = {isa = PBXBuildFile; fileRef = 4E511E4B21A6F32C009E37A6 /* AppDelegate.swift */; };
		4E511E4E21A6F32C009E37A6 /* StartViewController.swift in Sources */ = {isa = PBXBuildFile; fileRef = 4E511E4D21A6F32C009E37A6 /* StartViewController.swift */; };
		4E511E5121A6F32C009E37A6 /* Main.storyboard in Resources */ = {isa = PBXBuildFile; fileRef = 4E511E4F21A6F32C009E37A6 /* Main.storyboard */; };
		4E511E5421A6F32C009E37A6 /* Flip_n_Win.xcdatamodeld in Sources */ = {isa = PBXBuildFile; fileRef = 4E511E5221A6F32C009E37A6 /* Flip_n_Win.xcdatamodeld */; };
		4E511E5621A6F32E009E37A6 /* Assets.xcassets in Resources */ = {isa = PBXBuildFile; fileRef = 4E511E5521A6F32E009E37A6 /* Assets.xcassets */; };
		4E511E5921A6F32E009E37A6 /* LaunchScreen.storyboard in Resources */ = {isa = PBXBuildFile; fileRef = 4E511E5721A6F32E009E37A6 /* LaunchScreen.storyboard */; };
		4E511E6421A6F32E009E37A6 /* Flip_n_WinTests.swift in Sources */ = {isa = PBXBuildFile; fileRef = 4E511E6321A6F32E009E37A6 /* Flip_n_WinTests.swift */; };
		4E511E7021A712A1009E37A6 /* pyjama.ttf in Resources */ = {isa = PBXBuildFile; fileRef = 4E511E6F21A712A1009E37A6 /* pyjama.ttf */; };
		4EB4128621AC4EF100C4603B /* GameViewController.swift in Sources */ = {isa = PBXBuildFile; fileRef = 4EB4128521AC4EF100C4603B /* GameViewController.swift */; };
		4EB4128A21AC4F8100C4603B /* CardsCollectionViewCell.swift in Sources */ = {isa = PBXBuildFile; fileRef = 4EB4128921AC4F8100C4603B /* CardsCollectionViewCell.swift */; };
		4EB4128E21AD85C800C4603B /* ApiManager.swift in Sources */ = {isa = PBXBuildFile; fileRef = 4EB4128D21AD85C800C4603B /* ApiManager.swift */; };
		4EB4129021AD860700C4603B /* UnsplashPhotoApiService.swift in Sources */ = {isa = PBXBuildFile; fileRef = 4EB4128F21AD860700C4603B /* UnsplashPhotoApiService.swift */; };
		4EB4129221AD867800C4603B /* UnsplashPhotoModel.swift in Sources */ = {isa = PBXBuildFile; fileRef = 4EB4129121AD867800C4603B /* UnsplashPhotoModel.swift */; };
		4EB4129521AD8BA300C4603B /* Constant.swift in Sources */ = {isa = PBXBuildFile; fileRef = 4EB4129421AD8BA300C4603B /* Constant.swift */; };
		4EB4129821AD94FE00C4603B /* GameViewPresenter.swift in Sources */ = {isa = PBXBuildFile; fileRef = 4EB4129721AD94FE00C4603B /* GameViewPresenter.swift */; };
		4EB4129B21ADAC6300C4603B /* UIImage+Downloader.swift in Sources */ = {isa = PBXBuildFile; fileRef = 4EB4129A21ADAC6300C4603B /* UIImage+Downloader.swift */; };
		4EB4129D21AE062A00C4603B /* Utils.swift in Sources */ = {isa = PBXBuildFile; fileRef = 4EB4129C21AE062A00C4603B /* Utils.swift */; };
		4EB4129F21AEB39C00C4603B /* CustomPickerButton.swift in Sources */ = {isa = PBXBuildFile; fileRef = 4EB4129E21AEB39C00C4603B /* CustomPickerButton.swift */; };
		4EB412A121AF49BA00C4603B /* Card.swift in Sources */ = {isa = PBXBuildFile; fileRef = 4EB412A021AF49BA00C4603B /* Card.swift */; };
		4EB412A321AFF24700C4603B /* MemoryGame.swift in Sources */ = {isa = PBXBuildFile; fileRef = 4EB412A221AFF24700C4603B /* MemoryGame.swift */; };
		4ED99F1421B0B15F00ECBFC6 /* Confettis.swift in Sources */ = {isa = PBXBuildFile; fileRef = 4ED99F1321B0B15F00ECBFC6 /* Confettis.swift */; };
		4ED99F1821B0B43600ECBFC6 /* confetti.png in Resources */ = {isa = PBXBuildFile; fileRef = 4ED99F1721B0B43600ECBFC6 /* confetti.png */; };
		4ED99F1A21B0B71900ECBFC6 /* ConfettiLauncher.swift in Sources */ = {isa = PBXBuildFile; fileRef = 4ED99F1921B0B71900ECBFC6 /* ConfettiLauncher.swift */; };
		4EFD910921B56D1F00670FA7 /* HighscoreViewController.swift in Sources */ = {isa = PBXBuildFile; fileRef = 4EFD910821B56D1F00670FA7 /* HighscoreViewController.swift */; };
		4EFD910D21B56D7D00670FA7 /* HighscoreTableViewCell.swift in Sources */ = {isa = PBXBuildFile; fileRef = 4EFD910B21B56D7D00670FA7 /* HighscoreTableViewCell.swift */; };
		4EFD910E21B56D7D00670FA7 /* HighscoreTableViewCell.xib in Resources */ = {isa = PBXBuildFile; fileRef = 4EFD910C21B56D7D00670FA7 /* HighscoreTableViewCell.xib */; };
		C10A367CE928B74987E1AC56 /* Pods_Flip_n_Win.framework in Frameworks */ = {isa = PBXBuildFile; fileRef = 896FD5F069D2332E792FD523 /* Pods_Flip_n_Win.framework */; };
		EB589F886CF8C95926B500AD /* Pods_Flip_n_WinTests.framework in Frameworks */ = {isa = PBXBuildFile; fileRef = 00AABF6B789C8EC137C4D485 /* Pods_Flip_n_WinTests.framework */; };
/* End PBXBuildFile section */

/* Begin PBXContainerItemProxy section */
		4E511E6021A6F32E009E37A6 /* PBXContainerItemProxy */ = {
			isa = PBXContainerItemProxy;
			containerPortal = 4E511E4021A6F32C009E37A6 /* Project object */;
			proxyType = 1;
			remoteGlobalIDString = 4E511E4721A6F32C009E37A6;
			remoteInfo = "Flip'n Win";
		};
/* End PBXContainerItemProxy section */

/* Begin PBXFileReference section */
		00AABF6B789C8EC137C4D485 /* Pods_Flip_n_WinTests.framework */ = {isa = PBXFileReference; explicitFileType = wrapper.framework; includeInIndex = 0; path = Pods_Flip_n_WinTests.framework; sourceTree = BUILT_PRODUCTS_DIR; };
		093077CE66E345DE0D2245CB /* Pods-Flip'n Win.debug.xcconfig */ = {isa = PBXFileReference; includeInIndex = 1; lastKnownFileType = text.xcconfig; name = "Pods-Flip'n Win.debug.xcconfig"; path = "Pods/Target Support Files/Pods-Flip'n Win/Pods-Flip'n Win.debug.xcconfig"; sourceTree = "<group>"; };
		4E511E4821A6F32C009E37A6 /* Flip n Win.app */ = {isa = PBXFileReference; explicitFileType = wrapper.application; includeInIndex = 0; path = "Flip n Win.app"; sourceTree = BUILT_PRODUCTS_DIR; };
		4E511E4B21A6F32C009E37A6 /* AppDelegate.swift */ = {isa = PBXFileReference; lastKnownFileType = sourcecode.swift; path = AppDelegate.swift; sourceTree = "<group>"; };
		4E511E4D21A6F32C009E37A6 /* StartViewController.swift */ = {isa = PBXFileReference; lastKnownFileType = sourcecode.swift; path = StartViewController.swift; sourceTree = "<group>"; };
		4E511E5021A6F32C009E37A6 /* Base */ = {isa = PBXFileReference; lastKnownFileType = file.storyboard; name = Base; path = Base.lproj/Main.storyboard; sourceTree = "<group>"; };
		4E511E5321A6F32C009E37A6 /* Flip_n_Win.xcdatamodel */ = {isa = PBXFileReference; lastKnownFileType = wrapper.xcdatamodel; path = Flip_n_Win.xcdatamodel; sourceTree = "<group>"; };
		4E511E5521A6F32E009E37A6 /* Assets.xcassets */ = {isa = PBXFileReference; lastKnownFileType = folder.assetcatalog; path = Assets.xcassets; sourceTree = "<group>"; };
		4E511E5821A6F32E009E37A6 /* Base */ = {isa = PBXFileReference; lastKnownFileType = file.storyboard; name = Base; path = Base.lproj/LaunchScreen.storyboard; sourceTree = "<group>"; };
		4E511E5A21A6F32E009E37A6 /* Info.plist */ = {isa = PBXFileReference; lastKnownFileType = text.plist.xml; path = Info.plist; sourceTree = "<group>"; };
		4E511E5F21A6F32E009E37A6 /* Flip n WinTests.xctest */ = {isa = PBXFileReference; explicitFileType = wrapper.cfbundle; includeInIndex = 0; path = "Flip n WinTests.xctest"; sourceTree = BUILT_PRODUCTS_DIR; };
		4E511E6321A6F32E009E37A6 /* Flip_n_WinTests.swift */ = {isa = PBXFileReference; lastKnownFileType = sourcecode.swift; path = Flip_n_WinTests.swift; sourceTree = "<group>"; };
		4E511E6521A6F32E009E37A6 /* Info.plist */ = {isa = PBXFileReference; lastKnownFileType = text.plist.xml; path = Info.plist; sourceTree = "<group>"; };
		4E511E6F21A712A1009E37A6 /* pyjama.ttf */ = {isa = PBXFileReference; lastKnownFileType = file; path = pyjama.ttf; sourceTree = "<group>"; };
		4EB4128521AC4EF100C4603B /* GameViewController.swift */ = {isa = PBXFileReference; lastKnownFileType = sourcecode.swift; path = GameViewController.swift; sourceTree = "<group>"; };
		4EB4128921AC4F8100C4603B /* CardsCollectionViewCell.swift */ = {isa = PBXFileReference; lastKnownFileType = sourcecode.swift; path = CardsCollectionViewCell.swift; sourceTree = "<group>"; };
		4EB4128D21AD85C800C4603B /* ApiManager.swift */ = {isa = PBXFileReference; lastKnownFileType = sourcecode.swift; path = ApiManager.swift; sourceTree = "<group>"; };
		4EB4128F21AD860700C4603B /* UnsplashPhotoApiService.swift */ = {isa = PBXFileReference; lastKnownFileType = sourcecode.swift; path = UnsplashPhotoApiService.swift; sourceTree = "<group>"; };
		4EB4129121AD867800C4603B /* UnsplashPhotoModel.swift */ = {isa = PBXFileReference; lastKnownFileType = sourcecode.swift; path = UnsplashPhotoModel.swift; sourceTree = "<group>"; };
		4EB4129421AD8BA300C4603B /* Constant.swift */ = {isa = PBXFileReference; lastKnownFileType = sourcecode.swift; path = Constant.swift; sourceTree = "<group>"; };
		4EB4129721AD94FE00C4603B /* GameViewPresenter.swift */ = {isa = PBXFileReference; lastKnownFileType = sourcecode.swift; path = GameViewPresenter.swift; sourceTree = "<group>"; };
		4EB4129A21ADAC6300C4603B /* UIImage+Downloader.swift */ = {isa = PBXFileReference; lastKnownFileType = sourcecode.swift; path = "UIImage+Downloader.swift"; sourceTree = "<group>"; };
		4EB4129C21AE062A00C4603B /* Utils.swift */ = {isa = PBXFileReference; lastKnownFileType = sourcecode.swift; path = Utils.swift; sourceTree = "<group>"; };
		4EB4129E21AEB39C00C4603B /* CustomPickerButton.swift */ = {isa = PBXFileReference; lastKnownFileType = sourcecode.swift; path = CustomPickerButton.swift; sourceTree = "<group>"; };
		4EB412A021AF49BA00C4603B /* Card.swift */ = {isa = PBXFileReference; lastKnownFileType = sourcecode.swift; path = Card.swift; sourceTree = "<group>"; };
		4EB412A221AFF24700C4603B /* MemoryGame.swift */ = {isa = PBXFileReference; lastKnownFileType = sourcecode.swift; path = MemoryGame.swift; sourceTree = "<group>"; };
		4ED99F1321B0B15F00ECBFC6 /* Confettis.swift */ = {isa = PBXFileReference; lastKnownFileType = sourcecode.swift; path = Confettis.swift; sourceTree = "<group>"; };
		4ED99F1721B0B43600ECBFC6 /* confetti.png */ = {isa = PBXFileReference; lastKnownFileType = image.png; path = confetti.png; sourceTree = "<group>"; };
		4ED99F1921B0B71900ECBFC6 /* ConfettiLauncher.swift */ = {isa = PBXFileReference; fileEncoding = 4; lastKnownFileType = sourcecode.swift; path = ConfettiLauncher.swift; sourceTree = "<group>"; };
		4EFD910821B56D1F00670FA7 /* HighscoreViewController.swift */ = {isa = PBXFileReference; lastKnownFileType = sourcecode.swift; path = HighscoreViewController.swift; sourceTree = "<group>"; };
		4EFD910B21B56D7D00670FA7 /* HighscoreTableViewCell.swift */ = {isa = PBXFileReference; lastKnownFileType = sourcecode.swift; path = HighscoreTableViewCell.swift; sourceTree = "<group>"; };
		4EFD910C21B56D7D00670FA7 /* HighscoreTableViewCell.xib */ = {isa = PBXFileReference; lastKnownFileType = file.xib; path = HighscoreTableViewCell.xib; sourceTree = "<group>"; };
		5067B9119D88C03069429651 /* Pods-Flip n WinTests.release.xcconfig */ = {isa = PBXFileReference; includeInIndex = 1; lastKnownFileType = text.xcconfig; name = "Pods-Flip n WinTests.release.xcconfig"; path = "Pods/Target Support Files/Pods-Flip n WinTests/Pods-Flip n WinTests.release.xcconfig"; sourceTree = "<group>"; };
		805B99C6116479D745425960 /* Pods-Flip n Win.debug.xcconfig */ = {isa = PBXFileReference; includeInIndex = 1; lastKnownFileType = text.xcconfig; name = "Pods-Flip n Win.debug.xcconfig"; path = "Pods/Target Support Files/Pods-Flip n Win/Pods-Flip n Win.debug.xcconfig"; sourceTree = "<group>"; };
		896FD5F069D2332E792FD523 /* Pods_Flip_n_Win.framework */ = {isa = PBXFileReference; explicitFileType = wrapper.framework; includeInIndex = 0; path = Pods_Flip_n_Win.framework; sourceTree = BUILT_PRODUCTS_DIR; };
		A659D8AC1CDBF9790B20D53E /* Pods-Flip'n WinTests.release.xcconfig */ = {isa = PBXFileReference; includeInIndex = 1; lastKnownFileType = text.xcconfig; name = "Pods-Flip'n WinTests.release.xcconfig"; path = "Pods/Target Support Files/Pods-Flip'n WinTests/Pods-Flip'n WinTests.release.xcconfig"; sourceTree = "<group>"; };
		A840922FDA41009D079A5E31 /* Pods-Flip n Win.release.xcconfig */ = {isa = PBXFileReference; includeInIndex = 1; lastKnownFileType = text.xcconfig; name = "Pods-Flip n Win.release.xcconfig"; path = "Pods/Target Support Files/Pods-Flip n Win/Pods-Flip n Win.release.xcconfig"; sourceTree = "<group>"; };
		ACEDB11BD2C5CFF758FD98E6 /* Pods-Flip n WinTests.debug.xcconfig */ = {isa = PBXFileReference; includeInIndex = 1; lastKnownFileType = text.xcconfig; name = "Pods-Flip n WinTests.debug.xcconfig"; path = "Pods/Target Support Files/Pods-Flip n WinTests/Pods-Flip n WinTests.debug.xcconfig"; sourceTree = "<group>"; };
		DA485826FC1570EFCE0E1A0F /* Pods-Flip'n Win.release.xcconfig */ = {isa = PBXFileReference; includeInIndex = 1; lastKnownFileType = text.xcconfig; name = "Pods-Flip'n Win.release.xcconfig"; path = "Pods/Target Support Files/Pods-Flip'n Win/Pods-Flip'n Win.release.xcconfig"; sourceTree = "<group>"; };
		DB7724B0A6F0E984C1E6DEA5 /* Pods-Flip'n WinTests.debug.xcconfig */ = {isa = PBXFileReference; includeInIndex = 1; lastKnownFileType = text.xcconfig; name = "Pods-Flip'n WinTests.debug.xcconfig"; path = "Pods/Target Support Files/Pods-Flip'n WinTests/Pods-Flip'n WinTests.debug.xcconfig"; sourceTree = "<group>"; };
/* End PBXFileReference section */

/* Begin PBXFrameworksBuildPhase section */
		4E511E4521A6F32C009E37A6 /* Frameworks */ = {
			isa = PBXFrameworksBuildPhase;
			buildActionMask = 2147483647;
			files = (
				C10A367CE928B74987E1AC56 /* Pods_Flip_n_Win.framework in Frameworks */,
			);
			runOnlyForDeploymentPostprocessing = 0;
		};
		4E511E5C21A6F32E009E37A6 /* Frameworks */ = {
			isa = PBXFrameworksBuildPhase;
			buildActionMask = 2147483647;
			files = (
				EB589F886CF8C95926B500AD /* Pods_Flip_n_WinTests.framework in Frameworks */,
			);
			runOnlyForDeploymentPostprocessing = 0;
		};
/* End PBXFrameworksBuildPhase section */

/* Begin PBXGroup section */
		067F4CED6C327EE5CE798F92 /* Frameworks */ = {
			isa = PBXGroup;
			children = (
				896FD5F069D2332E792FD523 /* Pods_Flip_n_Win.framework */,
				00AABF6B789C8EC137C4D485 /* Pods_Flip_n_WinTests.framework */,
			);
			name = Frameworks;
			sourceTree = "<group>";
		};
		4E511E3F21A6F32C009E37A6 = {
			isa = PBXGroup;
			children = (
				4E511E4A21A6F32C009E37A6 /* Flip n Win */,
				4E511E6221A6F32E009E37A6 /* Flip n WinTests */,
				4E511E4921A6F32C009E37A6 /* Products */,
				F65C56556E025E33952A7787 /* Pods */,
				067F4CED6C327EE5CE798F92 /* Frameworks */,
			);
			sourceTree = "<group>";
		};
		4E511E4921A6F32C009E37A6 /* Products */ = {
			isa = PBXGroup;
			children = (
				4E511E4821A6F32C009E37A6 /* Flip n Win.app */,
				4E511E5F21A6F32E009E37A6 /* Flip n WinTests.xctest */,
			);
			name = Products;
			sourceTree = "<group>";
		};
		4E511E4A21A6F32C009E37A6 /* Flip n Win */ = {
			isa = PBXGroup;
			children = (
				4EB4128C21AD83BF00C4603B /* Service */,
				4EB4128B21AD83BA00C4603B /* Model */,
				4E511E7121A71EB2009E37A6 /* View */,
				4E511E6E21A71292009E37A6 /* Resources */,
				4EB4129921ADAC0F00C4603B /* Extensions */,
				4EB4129321AD8B9500C4603B /* Utils */,
				4E511E4B21A6F32C009E37A6 /* AppDelegate.swift */,
				4E511E5521A6F32E009E37A6 /* Assets.xcassets */,
				4E511E5721A6F32E009E37A6 /* LaunchScreen.storyboard */,
				4E511E5A21A6F32E009E37A6 /* Info.plist */,
				4E511E5221A6F32C009E37A6 /* Flip_n_Win.xcdatamodeld */,
			);
			path = "Flip n Win";
			sourceTree = "<group>";
		};
		4E511E6221A6F32E009E37A6 /* Flip n WinTests */ = {
			isa = PBXGroup;
			children = (
				4E511E6321A6F32E009E37A6 /* Flip_n_WinTests.swift */,
				4E511E6521A6F32E009E37A6 /* Info.plist */,
			);
			path = "Flip n WinTests";
			sourceTree = "<group>";
		};
		4E511E6E21A71292009E37A6 /* Resources */ = {
			isa = PBXGroup;
			children = (
				4ED99F1721B0B43600ECBFC6 /* confetti.png */,
				4E511E6F21A712A1009E37A6 /* pyjama.ttf */,
			);
			path = Resources;
			sourceTree = "<group>";
		};
		4E511E7121A71EB2009E37A6 /* View */ = {
			isa = PBXGroup;
			children = (
				4E511E4F21A6F32C009E37A6 /* Main.storyboard */,
				4EB4129621AD94CD00C4603B /* Start View */,
				4EB4128821AC4F3D00C4603B /* Game */,
				4EFD910721B56CEB00670FA7 /* Highscore View */,
			);
			path = View;
			sourceTree = "<group>";
		};
		4EB4128721AC4F3200C4603B /* Cell */ = {
			isa = PBXGroup;
			children = (
				4EB4128921AC4F8100C4603B /* CardsCollectionViewCell.swift */,
			);
			path = Cell;
			sourceTree = "<group>";
		};
		4EB4128821AC4F3D00C4603B /* Game */ = {
			isa = PBXGroup;
			children = (
				4EB4128721AC4F3200C4603B /* Cell */,
				4ED99F1B21B0D11B00ECBFC6 /* Confettis */,
				4EB4128521AC4EF100C4603B /* GameViewController.swift */,
				4EB4129721AD94FE00C4603B /* GameViewPresenter.swift */,
			);
			path = Game;
			sourceTree = "<group>";
		};
		4EB4128B21AD83BA00C4603B /* Model */ = {
			isa = PBXGroup;
			children = (
				4EB4129121AD867800C4603B /* UnsplashPhotoModel.swift */,
				4EB412A021AF49BA00C4603B /* Card.swift */,
				4EB412A221AFF24700C4603B /* MemoryGame.swift */,
			);
			path = Model;
			sourceTree = "<group>";
		};
		4EB4128C21AD83BF00C4603B /* Service */ = {
			isa = PBXGroup;
			children = (
				4EB4128D21AD85C800C4603B /* ApiManager.swift */,
				4EB4128F21AD860700C4603B /* UnsplashPhotoApiService.swift */,
			);
			path = Service;
			sourceTree = "<group>";
		};
		4EB4129321AD8B9500C4603B /* Utils */ = {
			isa = PBXGroup;
			children = (
				4EB4129C21AE062A00C4603B /* Utils.swift */,
				4EB4129421AD8BA300C4603B /* Constant.swift */,
			);
			path = Utils;
			sourceTree = "<group>";
		};
		4EB4129621AD94CD00C4603B /* Start View */ = {
			isa = PBXGroup;
			children = (
				4E511E4D21A6F32C009E37A6 /* StartViewController.swift */,
			);
			path = "Start View";
			sourceTree = "<group>";
		};
		4EB4129921ADAC0F00C4603B /* Extensions */ = {
			isa = PBXGroup;
			children = (
				4EB4129A21ADAC6300C4603B /* UIImage+Downloader.swift */,
				4EB4129E21AEB39C00C4603B /* CustomPickerButton.swift */,
			);
			path = Extensions;
			sourceTree = "<group>";
		};
		4ED99F1B21B0D11B00ECBFC6 /* Confettis */ = {
			isa = PBXGroup;
			children = (
				4ED99F1921B0B71900ECBFC6 /* ConfettiLauncher.swift */,
				4ED99F1321B0B15F00ECBFC6 /* Confettis.swift */,
			);
			path = Confettis;
			sourceTree = "<group>";
		};
		4EFD910721B56CEB00670FA7 /* Highscore View */ = {
			isa = PBXGroup;
			children = (
				4EFD910A21B56D5900670FA7 /* Cell */,
				4EFD910821B56D1F00670FA7 /* HighscoreViewController.swift */,
			);
			path = "Highscore View";
			sourceTree = "<group>";
		};
		4EFD910A21B56D5900670FA7 /* Cell */ = {
			isa = PBXGroup;
			children = (
				4EFD910B21B56D7D00670FA7 /* HighscoreTableViewCell.swift */,
				4EFD910C21B56D7D00670FA7 /* HighscoreTableViewCell.xib */,
			);
			path = Cell;
			sourceTree = "<group>";
		};
		F65C56556E025E33952A7787 /* Pods */ = {
			isa = PBXGroup;
			children = (
				093077CE66E345DE0D2245CB /* Pods-Flip'n Win.debug.xcconfig */,
				DA485826FC1570EFCE0E1A0F /* Pods-Flip'n Win.release.xcconfig */,
				DB7724B0A6F0E984C1E6DEA5 /* Pods-Flip'n WinTests.debug.xcconfig */,
				A659D8AC1CDBF9790B20D53E /* Pods-Flip'n WinTests.release.xcconfig */,
				805B99C6116479D745425960 /* Pods-Flip n Win.debug.xcconfig */,
				A840922FDA41009D079A5E31 /* Pods-Flip n Win.release.xcconfig */,
				ACEDB11BD2C5CFF758FD98E6 /* Pods-Flip n WinTests.debug.xcconfig */,
				5067B9119D88C03069429651 /* Pods-Flip n WinTests.release.xcconfig */,
			);
			name = Pods;
			sourceTree = "<group>";
		};
/* End PBXGroup section */

/* Begin PBXNativeTarget section */
		4E511E4721A6F32C009E37A6 /* Flip n Win */ = {
			isa = PBXNativeTarget;
			buildConfigurationList = 4E511E6821A6F32E009E37A6 /* Build configuration list for PBXNativeTarget "Flip n Win" */;
			buildPhases = (
				4DF6D600DD2A3C4F4A96CE89 /* [CP] Check Pods Manifest.lock */,
				4E511E4421A6F32C009E37A6 /* Sources */,
				4E511E4521A6F32C009E37A6 /* Frameworks */,
				4E511E4621A6F32C009E37A6 /* Resources */,
			);
			buildRules = (
			);
			dependencies = (
			);
			name = "Flip n Win";
			productName = "Flip'n Win";
			productReference = 4E511E4821A6F32C009E37A6 /* Flip n Win.app */;
			productType = "com.apple.product-type.application";
		};
		4E511E5E21A6F32E009E37A6 /* Flip n WinTests */ = {
			isa = PBXNativeTarget;
			buildConfigurationList = 4E511E6B21A6F32E009E37A6 /* Build configuration list for PBXNativeTarget "Flip n WinTests" */;
			buildPhases = (
				4528A27DFC1C6C190703B5CB /* [CP] Check Pods Manifest.lock */,
				4E511E5B21A6F32E009E37A6 /* Sources */,
				4E511E5C21A6F32E009E37A6 /* Frameworks */,
				4E511E5D21A6F32E009E37A6 /* Resources */,
			);
			buildRules = (
			);
			dependencies = (
				4E511E6121A6F32E009E37A6 /* PBXTargetDependency */,
			);
			name = "Flip n WinTests";
			productName = "Flip'n WinTests";
			productReference = 4E511E5F21A6F32E009E37A6 /* Flip n WinTests.xctest */;
			productType = "com.apple.product-type.bundle.unit-test";
		};
/* End PBXNativeTarget section */

/* Begin PBXProject section */
		4E511E4021A6F32C009E37A6 /* Project object */ = {
			isa = PBXProject;
			attributes = {
				LastSwiftUpdateCheck = 1010;
				LastUpgradeCheck = 1010;
				ORGANIZATIONNAME = "Mathieu Lamvohee";
				TargetAttributes = {
					4E511E4721A6F32C009E37A6 = {
						CreatedOnToolsVersion = 10.1;
					};
					4E511E5E21A6F32E009E37A6 = {
						CreatedOnToolsVersion = 10.1;
						TestTargetID = 4E511E4721A6F32C009E37A6;
					};
				};
			};
			buildConfigurationList = 4E511E4321A6F32C009E37A6 /* Build configuration list for PBXProject "Flip n Win" */;
			compatibilityVersion = "Xcode 9.3";
			developmentRegion = en;
			hasScannedForEncodings = 0;
			knownRegions = (
				en,
				Base,
			);
			mainGroup = 4E511E3F21A6F32C009E37A6;
			productRefGroup = 4E511E4921A6F32C009E37A6 /* Products */;
			projectDirPath = "";
			projectRoot = "";
			targets = (
				4E511E4721A6F32C009E37A6 /* Flip n Win */,
				4E511E5E21A6F32E009E37A6 /* Flip n WinTests */,
			);
		};
/* End PBXProject section */

/* Begin PBXResourcesBuildPhase section */
		4E511E4621A6F32C009E37A6 /* Resources */ = {
			isa = PBXResourcesBuildPhase;
			buildActionMask = 2147483647;
			files = (
				4EFD910E21B56D7D00670FA7 /* HighscoreTableViewCell.xib in Resources */,
				4E511E7021A712A1009E37A6 /* pyjama.ttf in Resources */,
				4E511E5921A6F32E009E37A6 /* LaunchScreen.storyboard in Resources */,
				4E511E5621A6F32E009E37A6 /* Assets.xcassets in Resources */,
				4E511E5121A6F32C009E37A6 /* Main.storyboard in Resources */,
				4ED99F1821B0B43600ECBFC6 /* confetti.png in Resources */,
			);
			runOnlyForDeploymentPostprocessing = 0;
		};
		4E511E5D21A6F32E009E37A6 /* Resources */ = {
			isa = PBXResourcesBuildPhase;
			buildActionMask = 2147483647;
			files = (
			);
			runOnlyForDeploymentPostprocessing = 0;
		};
/* End PBXResourcesBuildPhase section */

/* Begin PBXShellScriptBuildPhase section */
		4528A27DFC1C6C190703B5CB /* [CP] Check Pods Manifest.lock */ = {
			isa = PBXShellScriptBuildPhase;
			buildActionMask = 2147483647;
			files = (
			);
			inputPaths = (
				"${PODS_PODFILE_DIR_PATH}/Podfile.lock",
				"${PODS_ROOT}/Manifest.lock",
			);
			name = "[CP] Check Pods Manifest.lock";
			outputPaths = (
				"$(DERIVED_FILE_DIR)/Pods-Flip n WinTests-checkManifestLockResult.txt",
			);
			runOnlyForDeploymentPostprocessing = 0;
			shellPath = /bin/sh;
			shellScript = "diff \"${PODS_PODFILE_DIR_PATH}/Podfile.lock\" \"${PODS_ROOT}/Manifest.lock\" > /dev/null\nif [ $? != 0 ] ; then\n    # print error to STDERR\n    echo \"error: The sandbox is not in sync with the Podfile.lock. Run 'pod install' or update your CocoaPods installation.\" >&2\n    exit 1\nfi\n# This output is used by Xcode 'outputs' to avoid re-running this script phase.\necho \"SUCCESS\" > \"${SCRIPT_OUTPUT_FILE_0}\"\n";
			showEnvVarsInLog = 0;
		};
		4DF6D600DD2A3C4F4A96CE89 /* [CP] Check Pods Manifest.lock */ = {
			isa = PBXShellScriptBuildPhase;
			buildActionMask = 2147483647;
			files = (
			);
			inputPaths = (
				"${PODS_PODFILE_DIR_PATH}/Podfile.lock",
				"${PODS_ROOT}/Manifest.lock",
			);
			name = "[CP] Check Pods Manifest.lock";
			outputPaths = (
				"$(DERIVED_FILE_DIR)/Pods-Flip n Win-checkManifestLockResult.txt",
			);
			runOnlyForDeploymentPostprocessing = 0;
			shellPath = /bin/sh;
			shellScript = "diff \"${PODS_PODFILE_DIR_PATH}/Podfile.lock\" \"${PODS_ROOT}/Manifest.lock\" > /dev/null\nif [ $? != 0 ] ; then\n    # print error to STDERR\n    echo \"error: The sandbox is not in sync with the Podfile.lock. Run 'pod install' or update your CocoaPods installation.\" >&2\n    exit 1\nfi\n# This output is used by Xcode 'outputs' to avoid re-running this script phase.\necho \"SUCCESS\" > \"${SCRIPT_OUTPUT_FILE_0}\"\n";
			showEnvVarsInLog = 0;
		};
/* End PBXShellScriptBuildPhase section */

/* Begin PBXSourcesBuildPhase section */
		4E511E4421A6F32C009E37A6 /* Sources */ = {
			isa = PBXSourcesBuildPhase;
			buildActionMask = 2147483647;
			files = (
				4EB4129F21AEB39C00C4603B /* CustomPickerButton.swift in Sources */,
				4ED99F1A21B0B71900ECBFC6 /* ConfettiLauncher.swift in Sources */,
				4EB4129821AD94FE00C4603B /* GameViewPresenter.swift in Sources */,
				4EB4128A21AC4F8100C4603B /* CardsCollectionViewCell.swift in Sources */,
				4EB4128621AC4EF100C4603B /* GameViewController.swift in Sources */,
				4EFD910D21B56D7D00670FA7 /* HighscoreTableViewCell.swift in Sources */,
				4EB4129521AD8BA300C4603B /* Constant.swift in Sources */,
				4EB4129021AD860700C4603B /* UnsplashPhotoApiService.swift in Sources */,
				4E511E4E21A6F32C009E37A6 /* StartViewController.swift in Sources */,
				4EB4129221AD867800C4603B /* UnsplashPhotoModel.swift in Sources */,
				4EFD910921B56D1F00670FA7 /* HighscoreViewController.swift in Sources */,
				4E511E5421A6F32C009E37A6 /* Flip_n_Win.xcdatamodeld in Sources */,
				4ED99F1421B0B15F00ECBFC6 /* Confettis.swift in Sources */,
				4EB412A121AF49BA00C4603B /* Card.swift in Sources */,
				4EB4129D21AE062A00C4603B /* Utils.swift in Sources */,
				4EB4128E21AD85C800C4603B /* ApiManager.swift in Sources */,
				4EB412A321AFF24700C4603B /* MemoryGame.swift in Sources */,
				4E511E4C21A6F32C009E37A6 /* AppDelegate.swift in Sources */,
				4EB4129B21ADAC6300C4603B /* UIImage+Downloader.swift in Sources */,
			);
			runOnlyForDeploymentPostprocessing = 0;
		};
		4E511E5B21A6F32E009E37A6 /* Sources */ = {
			isa = PBXSourcesBuildPhase;
			buildActionMask = 2147483647;
			files = (
				4E511E6421A6F32E009E37A6 /* Flip_n_WinTests.swift in Sources */,
			);
			runOnlyForDeploymentPostprocessing = 0;
		};
/* End PBXSourcesBuildPhase section */

/* Begin PBXTargetDependency section */
		4E511E6121A6F32E009E37A6 /* PBXTargetDependency */ = {
			isa = PBXTargetDependency;
			target = 4E511E4721A6F32C009E37A6 /* Flip n Win */;
			targetProxy = 4E511E6021A6F32E009E37A6 /* PBXContainerItemProxy */;
		};
/* End PBXTargetDependency section */

/* Begin PBXVariantGroup section */
		4E511E4F21A6F32C009E37A6 /* Main.storyboard */ = {
			isa = PBXVariantGroup;
			children = (
				4E511E5021A6F32C009E37A6 /* Base */,
			);
			name = Main.storyboard;
			sourceTree = "<group>";
		};
		4E511E5721A6F32E009E37A6 /* LaunchScreen.storyboard */ = {
			isa = PBXVariantGroup;
			children = (
				4E511E5821A6F32E009E37A6 /* Base */,
			);
			name = LaunchScreen.storyboard;
			sourceTree = "<group>";
		};
/* End PBXVariantGroup section */

/* Begin XCBuildConfiguration section */
		4E511E6621A6F32E009E37A6 /* Debug */ = {
			isa = XCBuildConfiguration;
			buildSettings = {
				ALWAYS_SEARCH_USER_PATHS = NO;
				CLANG_ANALYZER_NONNULL = YES;
				CLANG_ANALYZER_NUMBER_OBJECT_CONVERSION = YES_AGGRESSIVE;
				CLANG_CXX_LANGUAGE_STANDARD = "gnu++14";
				CLANG_CXX_LIBRARY = "libc++";
				CLANG_ENABLE_MODULES = YES;
				CLANG_ENABLE_OBJC_ARC = YES;
				CLANG_ENABLE_OBJC_WEAK = YES;
				CLANG_WARN_BLOCK_CAPTURE_AUTORELEASING = YES;
				CLANG_WARN_BOOL_CONVERSION = YES;
				CLANG_WARN_COMMA = YES;
				CLANG_WARN_CONSTANT_CONVERSION = YES;
				CLANG_WARN_DEPRECATED_OBJC_IMPLEMENTATIONS = YES;
				CLANG_WARN_DIRECT_OBJC_ISA_USAGE = YES_ERROR;
				CLANG_WARN_DOCUMENTATION_COMMENTS = YES;
				CLANG_WARN_EMPTY_BODY = YES;
				CLANG_WARN_ENUM_CONVERSION = YES;
				CLANG_WARN_INFINITE_RECURSION = YES;
				CLANG_WARN_INT_CONVERSION = YES;
				CLANG_WARN_NON_LITERAL_NULL_CONVERSION = YES;
				CLANG_WARN_OBJC_IMPLICIT_RETAIN_SELF = YES;
				CLANG_WARN_OBJC_LITERAL_CONVERSION = YES;
				CLANG_WARN_OBJC_ROOT_CLASS = YES_ERROR;
				CLANG_WARN_RANGE_LOOP_ANALYSIS = YES;
				CLANG_WARN_STRICT_PROTOTYPES = YES;
				CLANG_WARN_SUSPICIOUS_MOVE = YES;
				CLANG_WARN_UNGUARDED_AVAILABILITY = YES_AGGRESSIVE;
				CLANG_WARN_UNREACHABLE_CODE = YES;
				CLANG_WARN__DUPLICATE_METHOD_MATCH = YES;
				CODE_SIGN_IDENTITY = "iPhone Developer";
				COPY_PHASE_STRIP = NO;
				DEBUG_INFORMATION_FORMAT = dwarf;
				ENABLE_STRICT_OBJC_MSGSEND = YES;
				ENABLE_TESTABILITY = YES;
				GCC_C_LANGUAGE_STANDARD = gnu11;
				GCC_DYNAMIC_NO_PIC = NO;
				GCC_NO_COMMON_BLOCKS = YES;
				GCC_OPTIMIZATION_LEVEL = 0;
				GCC_PREPROCESSOR_DEFINITIONS = (
					"DEBUG=1",
					"$(inherited)",
				);
				GCC_WARN_64_TO_32_BIT_CONVERSION = YES;
				GCC_WARN_ABOUT_RETURN_TYPE = YES_ERROR;
				GCC_WARN_UNDECLARED_SELECTOR = YES;
				GCC_WARN_UNINITIALIZED_AUTOS = YES_AGGRESSIVE;
				GCC_WARN_UNUSED_FUNCTION = YES;
				GCC_WARN_UNUSED_VARIABLE = YES;
				IPHONEOS_DEPLOYMENT_TARGET = 12.1;
				MTL_ENABLE_DEBUG_INFO = INCLUDE_SOURCE;
				MTL_FAST_MATH = YES;
				ONLY_ACTIVE_ARCH = YES;
				SDKROOT = iphoneos;
				SWIFT_ACTIVE_COMPILATION_CONDITIONS = DEBUG;
				SWIFT_OPTIMIZATION_LEVEL = "-Onone";
			};
			name = Debug;
		};
		4E511E6721A6F32E009E37A6 /* Release */ = {
			isa = XCBuildConfiguration;
			buildSettings = {
				ALWAYS_SEARCH_USER_PATHS = NO;
				CLANG_ANALYZER_NONNULL = YES;
				CLANG_ANALYZER_NUMBER_OBJECT_CONVERSION = YES_AGGRESSIVE;
				CLANG_CXX_LANGUAGE_STANDARD = "gnu++14";
				CLANG_CXX_LIBRARY = "libc++";
				CLANG_ENABLE_MODULES = YES;
				CLANG_ENABLE_OBJC_ARC = YES;
				CLANG_ENABLE_OBJC_WEAK = YES;
				CLANG_WARN_BLOCK_CAPTURE_AUTORELEASING = YES;
				CLANG_WARN_BOOL_CONVERSION = YES;
				CLANG_WARN_COMMA = YES;
				CLANG_WARN_CONSTANT_CONVERSION = YES;
				CLANG_WARN_DEPRECATED_OBJC_IMPLEMENTATIONS = YES;
				CLANG_WARN_DIRECT_OBJC_ISA_USAGE = YES_ERROR;
				CLANG_WARN_DOCUMENTATION_COMMENTS = YES;
				CLANG_WARN_EMPTY_BODY = YES;
				CLANG_WARN_ENUM_CONVERSION = YES;
				CLANG_WARN_INFINITE_RECURSION = YES;
				CLANG_WARN_INT_CONVERSION = YES;
				CLANG_WARN_NON_LITERAL_NULL_CONVERSION = YES;
				CLANG_WARN_OBJC_IMPLICIT_RETAIN_SELF = YES;
				CLANG_WARN_OBJC_LITERAL_CONVERSION = YES;
				CLANG_WARN_OBJC_ROOT_CLASS = YES_ERROR;
				CLANG_WARN_RANGE_LOOP_ANALYSIS = YES;
				CLANG_WARN_STRICT_PROTOTYPES = YES;
				CLANG_WARN_SUSPICIOUS_MOVE = YES;
				CLANG_WARN_UNGUARDED_AVAILABILITY = YES_AGGRESSIVE;
				CLANG_WARN_UNREACHABLE_CODE = YES;
				CLANG_WARN__DUPLICATE_METHOD_MATCH = YES;
				CODE_SIGN_IDENTITY = "iPhone Developer";
				COPY_PHASE_STRIP = NO;
				DEBUG_INFORMATION_FORMAT = "dwarf-with-dsym";
				ENABLE_NS_ASSERTIONS = NO;
				ENABLE_STRICT_OBJC_MSGSEND = YES;
				GCC_C_LANGUAGE_STANDARD = gnu11;
				GCC_NO_COMMON_BLOCKS = YES;
				GCC_WARN_64_TO_32_BIT_CONVERSION = YES;
				GCC_WARN_ABOUT_RETURN_TYPE = YES_ERROR;
				GCC_WARN_UNDECLARED_SELECTOR = YES;
				GCC_WARN_UNINITIALIZED_AUTOS = YES_AGGRESSIVE;
				GCC_WARN_UNUSED_FUNCTION = YES;
				GCC_WARN_UNUSED_VARIABLE = YES;
				IPHONEOS_DEPLOYMENT_TARGET = 12.1;
				MTL_ENABLE_DEBUG_INFO = NO;
				MTL_FAST_MATH = YES;
				SDKROOT = iphoneos;
				SWIFT_COMPILATION_MODE = wholemodule;
				SWIFT_OPTIMIZATION_LEVEL = "-O";
				VALIDATE_PRODUCT = YES;
			};
			name = Release;
		};
		4E511E6921A6F32E009E37A6 /* Debug */ = {
			isa = XCBuildConfiguration;
			baseConfigurationReference = 805B99C6116479D745425960 /* Pods-Flip n Win.debug.xcconfig */;
			buildSettings = {
				ALWAYS_EMBED_SWIFT_STANDARD_LIBRARIES = NO;
				ASSETCATALOG_COMPILER_APPICON_NAME = AppIcon;
				CODE_SIGN_STYLE = Automatic;
				DEVELOPMENT_TEAM = 85UW6KZ74E;
				EMBED_ASSET_PACKS_IN_PRODUCT_BUNDLE = NO;
				INFOPLIST_FILE = "Flip n Win/Info.plist";
				LD_RUNPATH_SEARCH_PATHS = (
					"$(inherited)",
					"@executable_path/Frameworks",
				);
				PRODUCT_BUNDLE_IDENTIFIER = "com.mlamvohee.Flip-n-Win";
				PRODUCT_NAME = "$(TARGET_NAME)";
				SWIFT_VERSION = 4.2;
				TARGETED_DEVICE_FAMILY = "1,2";
			};
			name = Debug;
		};
		4E511E6A21A6F32E009E37A6 /* Release */ = {
			isa = XCBuildConfiguration;
			baseConfigurationReference = A840922FDA41009D079A5E31 /* Pods-Flip n Win.release.xcconfig */;
			buildSettings = {
				ALWAYS_EMBED_SWIFT_STANDARD_LIBRARIES = NO;
				ASSETCATALOG_COMPILER_APPICON_NAME = AppIcon;
				CODE_SIGN_STYLE = Automatic;
				DEVELOPMENT_TEAM = 85UW6KZ74E;
				EMBED_ASSET_PACKS_IN_PRODUCT_BUNDLE = NO;
				INFOPLIST_FILE = "Flip n Win/Info.plist";
				LD_RUNPATH_SEARCH_PATHS = (
					"$(inherited)",
					"@executable_path/Frameworks",
				);
				PRODUCT_BUNDLE_IDENTIFIER = "com.mlamvohee.Flip-n-Win";
				PRODUCT_NAME = "$(TARGET_NAME)";
				SWIFT_VERSION = 4.2;
				TARGETED_DEVICE_FAMILY = "1,2";
			};
			name = Release;
		};
		4E511E6C21A6F32E009E37A6 /* Debug */ = {
			isa = XCBuildConfiguration;
			baseConfigurationReference = ACEDB11BD2C5CFF758FD98E6 /* Pods-Flip n WinTests.debug.xcconfig */;
			buildSettings = {
				ALWAYS_EMBED_SWIFT_STANDARD_LIBRARIES = YES;
				BUNDLE_LOADER = "$(TEST_HOST)";
				CODE_SIGN_STYLE = Automatic;
				DEVELOPMENT_TEAM = 85UW6KZ74E;
				INFOPLIST_FILE = "Flip'n WinTests/Info.plist";
				LD_RUNPATH_SEARCH_PATHS = (
					"$(inherited)",
					"@executable_path/Frameworks",
					"@loader_path/Frameworks",
				);
				PRODUCT_BUNDLE_IDENTIFIER = "com.mlamvohee.Flip-n-WinTests";
				PRODUCT_NAME = "$(TARGET_NAME)";
				SWIFT_VERSION = 4.2;
				TARGETED_DEVICE_FAMILY = "1,2";
				TEST_HOST = "$(BUILT_PRODUCTS_DIR)/Flip n Win.app/Flip n Win";
			};
			name = Debug;
		};
		4E511E6D21A6F32E009E37A6 /* Release */ = {
			isa = XCBuildConfiguration;
			baseConfigurationReference = 5067B9119D88C03069429651 /* Pods-Flip n WinTests.release.xcconfig */;
			buildSettings = {
				ALWAYS_EMBED_SWIFT_STANDARD_LIBRARIES = YES;
				BUNDLE_LOADER = "$(TEST_HOST)";
				CODE_SIGN_STYLE = Automatic;
				DEVELOPMENT_TEAM = 85UW6KZ74E;
				INFOPLIST_FILE = "Flip'n WinTests/Info.plist";
				LD_RUNPATH_SEARCH_PATHS = (
					"$(inherited)",
					"@executable_path/Frameworks",
					"@loader_path/Frameworks",
				);
				PRODUCT_BUNDLE_IDENTIFIER = "com.mlamvohee.Flip-n-WinTests";
				PRODUCT_NAME = "$(TARGET_NAME)";
				SWIFT_VERSION = 4.2;
				TARGETED_DEVICE_FAMILY = "1,2";
				TEST_HOST = "$(BUILT_PRODUCTS_DIR)/Flip n Win.app/Flip n Win";
			};
			name = Release;
		};
/* End XCBuildConfiguration section */

/* Begin XCConfigurationList section */
		4E511E4321A6F32C009E37A6 /* Build configuration list for PBXProject "Flip n Win" */ = {
			isa = XCConfigurationList;
			buildConfigurations = (
				4E511E6621A6F32E009E37A6 /* Debug */,
				4E511E6721A6F32E009E37A6 /* Release */,
			);
			defaultConfigurationIsVisible = 0;
			defaultConfigurationName = Release;
		};
		4E511E6821A6F32E009E37A6 /* Build configuration list for PBXNativeTarget "Flip n Win" */ = {
			isa = XCConfigurationList;
			buildConfigurations = (
				4E511E6921A6F32E009E37A6 /* Debug */,
				4E511E6A21A6F32E009E37A6 /* Release */,
			);
			defaultConfigurationIsVisible = 0;
			defaultConfigurationName = Release;
		};
		4E511E6B21A6F32E009E37A6 /* Build configuration list for PBXNativeTarget "Flip n WinTests" */ = {
			isa = XCConfigurationList;
			buildConfigurations = (
				4E511E6C21A6F32E009E37A6 /* Debug */,
				4E511E6D21A6F32E009E37A6 /* Release */,
			);
			defaultConfigurationIsVisible = 0;
			defaultConfigurationName = Release;
		};
/* End XCConfigurationList section */

/* Begin XCVersionGroup section */
		4E511E5221A6F32C009E37A6 /* Flip_n_Win.xcdatamodeld */ = {
			isa = XCVersionGroup;
			children = (
				4E511E5321A6F32C009E37A6 /* Flip_n_Win.xcdatamodel */,
			);
			currentVersion = 4E511E5321A6F32C009E37A6 /* Flip_n_Win.xcdatamodel */;
			path = Flip_n_Win.xcdatamodeld;
			sourceTree = "<group>";
			versionGroupType = wrapper.xcdatamodel;
		};
/* End XCVersionGroup section */
	};
	rootObject = 4E511E4021A6F32C009E37A6 /* Project object */;
}
